// !$*UTF8*$!
{
	archiveVersion = 1;
	classes = {
	};
	objectVersion = 50;
	objects = {

/* Begin PBXBuildFile section */
		148A777B20FC6D77001CB206 /* AppDelegate.m in Sources */ = {isa = PBXBuildFile; fileRef = 148A777A20FC6D77001CB206 /* AppDelegate.m */; };
		148A777E20FC6D77001CB206 /* ViewController.m in Sources */ = {isa = PBXBuildFile; fileRef = 148A777D20FC6D77001CB206 /* ViewController.m */; };
		148A778120FC6D77001CB206 /* Main.storyboard in Resources */ = {isa = PBXBuildFile; fileRef = 148A777F20FC6D77001CB206 /* Main.storyboard */; };
		148A778320FC6D7B001CB206 /* Assets.xcassets in Resources */ = {isa = PBXBuildFile; fileRef = 148A778220FC6D7B001CB206 /* Assets.xcassets */; };
		148A778620FC6D7B001CB206 /* LaunchScreen.storyboard in Resources */ = {isa = PBXBuildFile; fileRef = 148A778420FC6D7B001CB206 /* LaunchScreen.storyboard */; };
		148A778920FC6D7B001CB206 /* main.m in Sources */ = {isa = PBXBuildFile; fileRef = 148A778820FC6D7B001CB206 /* main.m */; };
		148A779220FC6D94001CB206 /* ELEmptyView.m in Sources */ = {isa = PBXBuildFile; fileRef = 148A779120FC6D94001CB206 /* ELEmptyView.m */; };
		14C399262109690800F8EB6A /* ELEmptySource.bundle in Resources */ = {isa = PBXBuildFile; fileRef = 14C399252109690800F8EB6A /* ELEmptySource.bundle */; };
		14C39929210970DB00F8EB6A /* UIView+ELEmptyView.m in Sources */ = {isa = PBXBuildFile; fileRef = 14C39928210970DB00F8EB6A /* UIView+ELEmptyView.m */; };
		14C3992F21097AAA00F8EB6A /* UIView+ELEmptyViewFrame.m in Sources */ = {isa = PBXBuildFile; fileRef = 14C3992D21097AAA00F8EB6A /* UIView+ELEmptyViewFrame.m */; };
		14C399322109A3F700F8EB6A /* TableViewController.m in Sources */ = {isa = PBXBuildFile; fileRef = 14C399312109A3F700F8EB6A /* TableViewController.m */; };
		14C399342109AD3000F8EB6A /* README.md in Resources */ = {isa = PBXBuildFile; fileRef = 14C399332109AD3000F8EB6A /* README.md */; };
		14C399362109AD6400F8EB6A /* EagleELEmptyView.podspec in Resources */ = {isa = PBXBuildFile; fileRef = 14C399352109AD6400F8EB6A /* EagleELEmptyView.podspec */; };
/* End PBXBuildFile section */

/* Begin PBXFileReference section */
		148A777620FC6D77001CB206 /* ELEmptyView.app */ = {isa = PBXFileReference; explicitFileType = wrapper.application; includeInIndex = 0; path = ELEmptyView.app; sourceTree = BUILT_PRODUCTS_DIR; };
		148A777920FC6D77001CB206 /* AppDelegate.h */ = {isa = PBXFileReference; lastKnownFileType = sourcecode.c.h; path = AppDelegate.h; sourceTree = "<group>"; };
		148A777A20FC6D77001CB206 /* AppDelegate.m */ = {isa = PBXFileReference; lastKnownFileType = sourcecode.c.objc; path = AppDelegate.m; sourceTree = "<group>"; };
		148A777C20FC6D77001CB206 /* ViewController.h */ = {isa = PBXFileReference; lastKnownFileType = sourcecode.c.h; path = ViewController.h; sourceTree = "<group>"; };
		148A777D20FC6D77001CB206 /* ViewController.m */ = {isa = PBXFileReference; lastKnownFileType = sourcecode.c.objc; path = ViewController.m; sourceTree = "<group>"; };
		148A778020FC6D77001CB206 /* Base */ = {isa = PBXFileReference; lastKnownFileType = file.storyboard; name = Base; path = Base.lproj/Main.storyboard; sourceTree = "<group>"; };
		148A778220FC6D7B001CB206 /* Assets.xcassets */ = {isa = PBXFileReference; lastKnownFileType = folder.assetcatalog; path = Assets.xcassets; sourceTree = "<group>"; };
		148A778520FC6D7B001CB206 /* Base */ = {isa = PBXFileReference; lastKnownFileType = file.storyboard; name = Base; path = Base.lproj/LaunchScreen.storyboard; sourceTree = "<group>"; };
		148A778720FC6D7B001CB206 /* Info.plist */ = {isa = PBXFileReference; lastKnownFileType = text.plist.xml; path = Info.plist; sourceTree = "<group>"; };
		148A778820FC6D7B001CB206 /* main.m */ = {isa = PBXFileReference; lastKnownFileType = sourcecode.c.objc; path = main.m; sourceTree = "<group>"; };
		148A779020FC6D94001CB206 /* ELEmptyView.h */ = {isa = PBXFileReference; lastKnownFileType = sourcecode.c.h; path = ELEmptyView.h; sourceTree = "<group>"; };
		148A779120FC6D94001CB206 /* ELEmptyView.m */ = {isa = PBXFileReference; lastKnownFileType = sourcecode.c.objc; path = ELEmptyView.m; sourceTree = "<group>"; };
		14C399252109690800F8EB6A /* ELEmptySource.bundle */ = {isa = PBXFileReference; lastKnownFileType = "wrapper.plug-in"; path = ELEmptySource.bundle; sourceTree = "<group>"; };
		14C39927210970DB00F8EB6A /* UIView+ELEmptyView.h */ = {isa = PBXFileReference; lastKnownFileType = sourcecode.c.h; path = "UIView+ELEmptyView.h"; sourceTree = "<group>"; };
		14C39928210970DB00F8EB6A /* UIView+ELEmptyView.m */ = {isa = PBXFileReference; lastKnownFileType = sourcecode.c.objc; path = "UIView+ELEmptyView.m"; sourceTree = "<group>"; };
		14C3992D21097AAA00F8EB6A /* UIView+ELEmptyViewFrame.m */ = {isa = PBXFileReference; fileEncoding = 4; lastKnownFileType = sourcecode.c.objc; path = "UIView+ELEmptyViewFrame.m"; sourceTree = "<group>"; };
		14C3992E21097AAA00F8EB6A /* UIView+ELEmptyViewFrame.h */ = {isa = PBXFileReference; fileEncoding = 4; lastKnownFileType = sourcecode.c.h; path = "UIView+ELEmptyViewFrame.h"; sourceTree = "<group>"; };
		14C399302109A3F700F8EB6A /* TableViewController.h */ = {isa = PBXFileReference; lastKnownFileType = sourcecode.c.h; path = TableViewController.h; sourceTree = "<group>"; };
		14C399312109A3F700F8EB6A /* TableViewController.m */ = {isa = PBXFileReference; lastKnownFileType = sourcecode.c.objc; path = TableViewController.m; sourceTree = "<group>"; };
		14C399332109AD3000F8EB6A /* README.md */ = {isa = PBXFileReference; fileEncoding = 4; lastKnownFileType = net.daringfireball.markdown; path = README.md; sourceTree = SOURCE_ROOT; };
		14C399352109AD6400F8EB6A /* EagleELEmptyView.podspec */ = {isa = PBXFileReference; fileEncoding = 4; lastKnownFileType = text; path = EagleELEmptyView.podspec; sourceTree = SOURCE_ROOT; };
/* End PBXFileReference section */

/* Begin PBXFrameworksBuildPhase section */
		148A777320FC6D77001CB206 /* Frameworks */ = {
			isa = PBXFrameworksBuildPhase;
			buildActionMask = 2147483647;
			files = (
			);
			runOnlyForDeploymentPostprocessing = 0;
		};
/* End PBXFrameworksBuildPhase section */

/* Begin PBXGroup section */
		148A776D20FC6D77001CB206 = {
			isa = PBXGroup;
			children = (
				148A777820FC6D77001CB206 /* ELEmptyView */,
				148A777720FC6D77001CB206 /* Products */,
			);
			sourceTree = "<group>";
		};
		148A777720FC6D77001CB206 /* Products */ = {
			isa = PBXGroup;
			children = (
				148A777620FC6D77001CB206 /* ELEmptyView.app */,
			);
			name = Products;
			sourceTree = "<group>";
		};
		148A777820FC6D77001CB206 /* ELEmptyView */ = {
			isa = PBXGroup;
			children = (
				148A778F20FC6D89001CB206 /* ELEmptyView */,
				148A777920FC6D77001CB206 /* AppDelegate.h */,
				148A777A20FC6D77001CB206 /* AppDelegate.m */,
				14C399302109A3F700F8EB6A /* TableViewController.h */,
				14C399312109A3F700F8EB6A /* TableViewController.m */,
				148A777C20FC6D77001CB206 /* ViewController.h */,
				148A777D20FC6D77001CB206 /* ViewController.m */,
				148A777F20FC6D77001CB206 /* Main.storyboard */,
				148A778220FC6D7B001CB206 /* Assets.xcassets */,
				148A778420FC6D7B001CB206 /* LaunchScreen.storyboard */,
				148A778720FC6D7B001CB206 /* Info.plist */,
				148A778820FC6D7B001CB206 /* main.m */,
				14C399332109AD3000F8EB6A /* README.md */,
				14C399352109AD6400F8EB6A /* EagleELEmptyView.podspec */,
			);
			path = ELEmptyView;
			sourceTree = "<group>";
		};
		148A778F20FC6D89001CB206 /* ELEmptyView */ = {
			isa = PBXGroup;
			children = (
				14C3992E21097AAA00F8EB6A /* UIView+ELEmptyViewFrame.h */,
				14C3992D21097AAA00F8EB6A /* UIView+ELEmptyViewFrame.m */,
				14C39927210970DB00F8EB6A /* UIView+ELEmptyView.h */,
				14C39928210970DB00F8EB6A /* UIView+ELEmptyView.m */,
				148A779020FC6D94001CB206 /* ELEmptyView.h */,
				148A779120FC6D94001CB206 /* ELEmptyView.m */,
				14C399252109690800F8EB6A /* ELEmptySource.bundle */,
			);
			path = ELEmptyView;
			sourceTree = "<group>";
		};
/* End PBXGroup section */

/* Begin PBXNativeTarget section */
		148A777520FC6D77001CB206 /* ELEmptyView */ = {
			isa = PBXNativeTarget;
			buildConfigurationList = 148A778C20FC6D7B001CB206 /* Build configuration list for PBXNativeTarget "ELEmptyView" */;
			buildPhases = (
				148A777220FC6D77001CB206 /* Sources */,
				148A777320FC6D77001CB206 /* Frameworks */,
				148A777420FC6D77001CB206 /* Resources */,
			);
			buildRules = (
			);
			dependencies = (
			);
			name = ELEmptyView;
			productName = EagleEmptyView;
			productReference = 148A777620FC6D77001CB206 /* ELEmptyView.app */;
			productType = "com.apple.product-type.application";
		};
/* End PBXNativeTarget section */

/* Begin PBXProject section */
		148A776E20FC6D77001CB206 /* Project object */ = {
			isa = PBXProject;
			attributes = {
				LastUpgradeCheck = 0940;
				ORGANIZATIONNAME = Mac;
				TargetAttributes = {
					148A777520FC6D77001CB206 = {
						CreatedOnToolsVersion = 9.4.1;
					};
				};
			};
			buildConfigurationList = 148A777120FC6D77001CB206 /* Build configuration list for PBXProject "ELEmptyView" */;
			compatibilityVersion = "Xcode 9.3";
			developmentRegion = en;
			hasScannedForEncodings = 0;
			knownRegions = (
				en,
				Base,
			);
			mainGroup = 148A776D20FC6D77001CB206;
			productRefGroup = 148A777720FC6D77001CB206 /* Products */;
			projectDirPath = "";
			projectRoot = "";
			targets = (
				148A777520FC6D77001CB206 /* ELEmptyView */,
			);
		};
/* End PBXProject section */

/* Begin PBXResourcesBuildPhase section */
		148A777420FC6D77001CB206 /* Resources */ = {
			isa = PBXResourcesBuildPhase;
			buildActionMask = 2147483647;
			files = (
				148A778620FC6D7B001CB206 /* LaunchScreen.storyboard in Resources */,
				148A778320FC6D7B001CB206 /* Assets.xcassets in Resources */,
				14C399342109AD3000F8EB6A /* README.md in Resources */,
				148A778120FC6D77001CB206 /* Main.storyboard in Resources */,
				14C399362109AD6400F8EB6A /* EagleELEmptyView.podspec in Resources */,
				14C399262109690800F8EB6A /* ELEmptySource.bundle in Resources */,
			);
			runOnlyForDeploymentPostprocessing = 0;
		};
/* End PBXResourcesBuildPhase section */

/* Begin PBXSourcesBuildPhase section */
		148A777220FC6D77001CB206 /* Sources */ = {
			isa = PBXSourcesBuildPhase;
			buildActionMask = 2147483647;
			files = (
				14C39929210970DB00F8EB6A /* UIView+ELEmptyView.m in Sources */,
				14C3992F21097AAA00F8EB6A /* UIView+ELEmptyViewFrame.m in Sources */,
				148A777E20FC6D77001CB206 /* ViewController.m in Sources */,
				148A778920FC6D7B001CB206 /* main.m in Sources */,
				148A777B20FC6D77001CB206 /* AppDelegate.m in Sources */,
				14C399322109A3F700F8EB6A /* TableViewController.m in Sources */,
				148A779220FC6D94001CB206 /* ELEmptyView.m in Sources */,
			);
			runOnlyForDeploymentPostprocessing = 0;
		};
/* End PBXSourcesBuildPhase section */

/* Begin PBXVariantGroup section */
		148A777F20FC6D77001CB206 /* Main.storyboard */ = {
			isa = PBXVariantGroup;
			children = (
				148A778020FC6D77001CB206 /* Base */,
			);
			name = Main.storyboard;
			sourceTree = "<group>";
		};
		148A778420FC6D7B001CB206 /* LaunchScreen.storyboard */ = {
			isa = PBXVariantGroup;
			children = (
				148A778520FC6D7B001CB206 /* Base */,
			);
			name = LaunchScreen.storyboard;
			sourceTree = "<group>";
		};
/* End PBXVariantGroup section */

/* Begin XCBuildConfiguration section */
		148A778A20FC6D7B001CB206 /* Debug */ = {
			isa = XCBuildConfiguration;
			buildSettings = {
				ALWAYS_SEARCH_USER_PATHS = NO;
				CLANG_ANALYZER_NONNULL = YES;
				CLANG_ANALYZER_NUMBER_OBJECT_CONVERSION = YES_AGGRESSIVE;
				CLANG_CXX_LANGUAGE_STANDARD = "gnu++14";
				CLANG_CXX_LIBRARY = "libc++";
				CLANG_ENABLE_MODULES = YES;
				CLANG_ENABLE_OBJC_ARC = YES;
				CLANG_ENABLE_OBJC_WEAK = YES;
				CLANG_WARN_BLOCK_CAPTURE_AUTORELEASING = YES;
				CLANG_WARN_BOOL_CONVERSION = YES;
				CLANG_WARN_COMMA = YES;
				CLANG_WARN_CONSTANT_CONVERSION = YES;
				CLANG_WARN_DEPRECATED_OBJC_IMPLEMENTATIONS = YES;
				CLANG_WARN_DIRECT_OBJC_ISA_USAGE = YES_ERROR;
				CLANG_WARN_DOCUMENTATION_COMMENTS = YES;
				CLANG_WARN_EMPTY_BODY = YES;
				CLANG_WARN_ENUM_CONVERSION = YES;
				CLANG_WARN_INFINITE_RECURSION = YES;
				CLANG_WARN_INT_CONVERSION = YES;
				CLANG_WARN_NON_LITERAL_NULL_CONVERSION = YES;
				CLANG_WARN_OBJC_IMPLICIT_RETAIN_SELF = YES;
				CLANG_WARN_OBJC_LITERAL_CONVERSION = YES;
				CLANG_WARN_OBJC_ROOT_CLASS = YES_ERROR;
				CLANG_WARN_RANGE_LOOP_ANALYSIS = YES;
				CLANG_WARN_STRICT_PROTOTYPES = YES;
				CLANG_WARN_SUSPICIOUS_MOVE = YES;
				CLANG_WARN_UNGUARDED_AVAILABILITY = YES_AGGRESSIVE;
				CLANG_WARN_UNREACHABLE_CODE = YES;
				CLANG_WARN__DUPLICATE_METHOD_MATCH = YES;
				CODE_SIGN_IDENTITY = "iPhone Developer";
				COPY_PHASE_STRIP = NO;
				DEBUG_INFORMATION_FORMAT = dwarf;
				ENABLE_STRICT_OBJC_MSGSEND = YES;
				ENABLE_TESTABILITY = YES;
				GCC_C_LANGUAGE_STANDARD = gnu11;
				GCC_DYNAMIC_NO_PIC = NO;
				GCC_NO_COMMON_BLOCKS = YES;
				GCC_OPTIMIZATION_LEVEL = 0;
				GCC_PREPROCESSOR_DEFINITIONS = (
					"DEBUG=1",
					"$(inherited)",
				);
				GCC_WARN_64_TO_32_BIT_CONVERSION = YES;
				GCC_WARN_ABOUT_RETURN_TYPE = YES_ERROR;
				GCC_WARN_UNDECLARED_SELECTOR = YES;
				GCC_WARN_UNINITIALIZED_AUTOS = YES_AGGRESSIVE;
				GCC_WARN_UNUSED_FUNCTION = YES;
				GCC_WARN_UNUSED_VARIABLE = YES;
				IPHONEOS_DEPLOYMENT_TARGET = 8.0;
				MTL_ENABLE_DEBUG_INFO = YES;
				ONLY_ACTIVE_ARCH = YES;
				SDKROOT = iphoneos;
			};
			name = Debug;
		};
		148A778B20FC6D7B001CB206 /* Release */ = {
			isa = XCBuildConfiguration;
			buildSettings = {
				ALWAYS_SEARCH_USER_PATHS = NO;
				CLANG_ANALYZER_NONNULL = YES;
				CLANG_ANALYZER_NUMBER_OBJECT_CONVERSION = YES_AGGRESSIVE;
				CLANG_CXX_LANGUAGE_STANDARD = "gnu++14";
				CLANG_CXX_LIBRARY = "libc++";
				CLANG_ENABLE_MODULES = YES;
				CLANG_ENABLE_OBJC_ARC = YES;
				CLANG_ENABLE_OBJC_WEAK = YES;
				CLANG_WARN_BLOCK_CAPTURE_AUTORELEASING = YES;
				CLANG_WARN_BOOL_CONVERSION = YES;
				CLANG_WARN_COMMA = YES;
				CLANG_WARN_CONSTANT_CONVERSION = YES;
				CLANG_WARN_DEPRECATED_OBJC_IMPLEMENTATIONS = YES;
				CLANG_WARN_DIRECT_OBJC_ISA_USAGE = YES_ERROR;
				CLANG_WARN_DOCUMENTATION_COMMENTS = YES;
				CLANG_WARN_EMPTY_BODY = YES;
				CLANG_WARN_ENUM_CONVERSION = YES;
				CLANG_WARN_INFINITE_RECURSION = YES;
				CLANG_WARN_INT_CONVERSION = YES;
				CLANG_WARN_NON_LITERAL_NULL_CONVERSION = YES;
				CLANG_WARN_OBJC_IMPLICIT_RETAIN_SELF = YES;
				CLANG_WARN_OBJC_LITERAL_CONVERSION = YES;
				CLANG_WARN_OBJC_ROOT_CLASS = YES_ERROR;
				CLANG_WARN_RANGE_LOOP_ANALYSIS = YES;
				CLANG_WARN_STRICT_PROTOTYPES = YES;
				CLANG_WARN_SUSPICIOUS_MOVE = YES;
				CLANG_WARN_UNGUARDED_AVAILABILITY = YES_AGGRESSIVE;
				CLANG_WARN_UNREACHABLE_CODE = YES;
				CLANG_WARN__DUPLICATE_METHOD_MATCH = YES;
				CODE_SIGN_IDENTITY = "iPhone Developer";
				COPY_PHASE_STRIP = NO;
				DEBUG_INFORMATION_FORMAT = "dwarf-with-dsym";
				ENABLE_NS_ASSERTIONS = NO;
				ENABLE_STRICT_OBJC_MSGSEND = YES;
				GCC_C_LANGUAGE_STANDARD = gnu11;
				GCC_NO_COMMON_BLOCKS = YES;
				GCC_WARN_64_TO_32_BIT_CONVERSION = YES;
				GCC_WARN_ABOUT_RETURN_TYPE = YES_ERROR;
				GCC_WARN_UNDECLARED_SELECTOR = YES;
				GCC_WARN_UNINITIALIZED_AUTOS = YES_AGGRESSIVE;
				GCC_WARN_UNUSED_FUNCTION = YES;
				GCC_WARN_UNUSED_VARIABLE = YES;
				IPHONEOS_DEPLOYMENT_TARGET = 8.0;
				MTL_ENABLE_DEBUG_INFO = NO;
				SDKROOT = iphoneos;
				VALIDATE_PRODUCT = YES;
			};
			name = Release;
		};
		148A778D20FC6D7B001CB206 /* Debug */ = {
			isa = XCBuildConfiguration;
			buildSettings = {
				ASSETCATALOG_COMPILER_APPICON_NAME = AppIcon;
				CODE_SIGN_STYLE = Automatic;
				DEVELOPMENT_TEAM = A558G4HSFJ;
				INFOPLIST_FILE = "$(SRCROOT)/ELEmptyView/Info.plist";
				IPHONEOS_DEPLOYMENT_TARGET = 8.0;
				LD_RUNPATH_SEARCH_PATHS = (
					"$(inherited)",
					"@executable_path/Frameworks",
				);
				PRODUCT_BUNDLE_IDENTIFIER = yunshen.EagleEmptyView;
				PRODUCT_NAME = "$(TARGET_NAME)";
				TARGETED_DEVICE_FAMILY = "1,2";
			};
			name = Debug;
		};
		148A778E20FC6D7B001CB206 /* Release */ = {
			isa = XCBuildConfiguration;
			buildSettings = {
				ASSETCATALOG_COMPILER_APPICON_NAME = AppIcon;
				CODE_SIGN_STYLE = Automatic;
				DEVELOPMENT_TEAM = A558G4HSFJ;
				INFOPLIST_FILE = "$(SRCROOT)/ELEmptyView/Info.plist";
				IPHONEOS_DEPLOYMENT_TARGET = 8.0;
				LD_RUNPATH_SEARCH_PATHS = (
					"$(inherited)",
					"@executable_path/Frameworks",
				);
				PRODUCT_BUNDLE_IDENTIFIER = yunshen.EagleEmptyView;
				PRODUCT_NAME = "$(TARGET_NAME)";
				TARGETED_DEVICE_FAMILY = "1,2";
			};
			name = Release;
		};
/* End XCBuildConfiguration section */

/* Begin XCConfigurationList section */
		148A777120FC6D77001CB206 /* Build configuration list for PBXProject "ELEmptyView" */ = {
			isa = XCConfigurationList;
			buildConfigurations = (
				148A778A20FC6D7B001CB206 /* Debug */,
				148A778B20FC6D7B001CB206 /* Release */,
			);
			defaultConfigurationIsVisible = 0;
			defaultConfigurationName = Release;
		};
		148A778C20FC6D7B001CB206 /* Build configuration list for PBXNativeTarget "ELEmptyView" */ = {
			isa = XCConfigurationList;
			buildConfigurations = (
				148A778D20FC6D7B001CB206 /* Debug */,
				148A778E20FC6D7B001CB206 /* Release */,
			);
			defaultConfigurationIsVisible = 0;
			defaultConfigurationName = Release;
		};
/* End XCConfigurationList section */
	};
	rootObject = 148A776E20FC6D77001CB206 /* Project object */;
}
